
Microsoft Visual Studio Solution File, Format Version 12.00
# Visual Studio 15
VisualStudioVersion = 15.0.27130.2003
MinimumVisualStudioVersion = 10.0.40219.1
Project("{FAE04EC0-301F-11D3-BF4B-00C04F79EFBC}") = "Mod.Framework", "Mod.Framework\Mod.Framework.csproj", "{CD24C8F0-E3D5-4097-95F5-C778E138EA25}"
EndProject
Project("{2150E333-8FDC-42A3-9474-1A3956D46DE8}") = "Documents", "Documents", "{56646D61-C378-45EF-9C24-68FBAAB409AA}"
	ProjectSection(SolutionItems) = preProject
		.gitignore = .gitignore
		.travis.yml = .travis.yml
		BUILD.md = BUILD.md
		LICENSE.txt = LICENSE.txt
		README.md = README.md
	EndProjectSection
EndProject
Project("{FAE04EC0-301F-11D3-BF4B-00C04F79EFBC}") = "Mod.Framework.Tests", "Mod.Framework.Tests\Mod.Framework.Tests.csproj", "{5CBA47CF-FA8E-4BFC-9DF7-4B2E06BCE42F}"
EndProject
Global
	GlobalSection(SolutionConfigurationPlatforms) = preSolution
		Debug|Any CPU = Debug|Any CPU
		Release|Any CPU = Release|Any CPU
	EndGlobalSection
	GlobalSection(ProjectConfigurationPlatforms) = postSolution
		{CD24C8F0-E3D5-4097-95F5-C778E138EA25}.Debug|Any CPU.ActiveCfg = Debug|Any CPU
		{CD24C8F0-E3D5-4097-95F5-C778E138EA25}.Debug|Any CPU.Build.0 = Debug|Any CPU
		{CD24C8F0-E3D5-4097-95F5-C778E138EA25}.Release|Any CPU.ActiveCfg = Release|Any CPU
		{CD24C8F0-E3D5-4097-95F5-C778E138EA25}.Release|Any CPU.Build.0 = Release|Any CPU
		{5CBA47CF-FA8E-4BFC-9DF7-4B2E06BCE42F}.Debug|Any CPU.ActiveCfg = Debug|Any CPU
		{5CBA47CF-FA8E-4BFC-9DF7-4B2E06BCE42F}.Debug|Any CPU.Build.0 = Debug|Any CPU
		{5CBA47CF-FA8E-4BFC-9DF7-4B2E06BCE42F}.Release|Any CPU.ActiveCfg = Release|Any CPU
		{5CBA47CF-FA8E-4BFC-9DF7-4B2E06BCE42F}.Release|Any CPU.Build.0 = Release|Any CPU
	EndGlobalSection
	GlobalSection(SolutionProperties) = preSolution
		HideSolutionNode = FALSE
	EndGlobalSection
	GlobalSection(ExtensibilityGlobals) = postSolution
		SolutionGuid = {B0CD2F51-DC9A-4217-9E72-BF6DBEAE8CF0}
	EndGlobalSection
EndGlobal
