
Microsoft Visual Studio Solution File, Format Version 12.00
# Visual Studio 15
Project("{FAE04EC0-301F-11D3-BF4B-00C04F79EFBC}") = "ModFramework", "ModFramework\ModFramework.csproj", "{65A0CC84-E8BC-4A15-B4DF-DAB5E8E3ECDA}"
EndProject
Project("{FAE04EC0-301F-11D3-BF4B-00C04F79EFBC}") = "ModFramework.Console", "ModFramework.Console\ModFramework.Console.csproj", "{9F9C809F-8D40-4C80-A940-D18ED1F23C6E}"
EndProject
Project("{2150E333-8FDC-42A3-9474-1A3956D46DE8}") = "Documents", "Documents", "{85EA3C7A-6AB3-4753-955A-6A4134E34580}"
	ProjectSection(SolutionItems) = preProject
		LICENSE.txt = LICENSE.txt
	EndProjectSection
EndProject
Global
	GlobalSection(SolutionConfigurationPlatforms) = preSolution
		Debug|Any CPU = Debug|Any CPU
		Release|Any CPU = Release|Any CPU
	EndGlobalSection
	GlobalSection(ProjectConfigurationPlatforms) = postSolution
		{65A0CC84-E8BC-4A15-B4DF-DAB5E8E3ECDA}.Debug|Any CPU.ActiveCfg = Debug|Any CPU
		{65A0CC84-E8BC-4A15-B4DF-DAB5E8E3ECDA}.Debug|Any CPU.Build.0 = Debug|Any CPU
		{65A0CC84-E8BC-4A15-B4DF-DAB5E8E3ECDA}.Release|Any CPU.ActiveCfg = Release|Any CPU
		{65A0CC84-E8BC-4A15-B4DF-DAB5E8E3ECDA}.Release|Any CPU.Build.0 = Release|Any CPU
		{9F9C809F-8D40-4C80-A940-D18ED1F23C6E}.Debug|Any CPU.ActiveCfg = Debug|Any CPU
		{9F9C809F-8D40-4C80-A940-D18ED1F23C6E}.Debug|Any CPU.Build.0 = Debug|Any CPU
		{9F9C809F-8D40-4C80-A940-D18ED1F23C6E}.Release|Any CPU.ActiveCfg = Release|Any CPU
		{9F9C809F-8D40-4C80-A940-D18ED1F23C6E}.Release|Any CPU.Build.0 = Release|Any CPU
	EndGlobalSection
EndGlobal
